
Microsoft Visual Studio Solution File, Format Version 12.00
# Visual Studio Version 17
VisualStudioVersion = 17.11.35219.272
MinimumVisualStudioVersion = 10.0.40219.1
Project("{FAE04EC0-301F-11D3-BF4B-00C04F79EFBC}") = "HW3_LINQ", "HW3_LINQ\HW3_LINQ.csproj", "{0DBEA442-659D-421D-9AA5-6AB2078D60DD}"
EndProject
Global
	GlobalSection(SolutionConfigurationPlatforms) = preSolution
		Debug|Any CPU = Debug|Any CPU
		Release|Any CPU = Release|Any CPU
	EndGlobalSection
	GlobalSection(ProjectConfigurationPlatforms) = postSolution
		{0DBEA442-659D-421D-9AA5-6AB2078D60DD}.Debug|Any CPU.ActiveCfg = Debug|Any CPU
		{0DBEA442-659D-421D-9AA5-6AB2078D60DD}.Debug|Any CPU.Build.0 = Debug|Any CPU
		{0DBEA442-659D-421D-9AA5-6AB2078D60DD}.Release|Any CPU.ActiveCfg = Release|Any CPU
		{0DBEA442-659D-421D-9AA5-6AB2078D60DD}.Release|Any CPU.Build.0 = Release|Any CPU
	EndGlobalSection
	GlobalSection(SolutionProperties) = preSolution
		HideSolutionNode = FALSE
	EndGlobalSection
	GlobalSection(ExtensibilityGlobals) = postSolution
		SolutionGuid = {5A9AA79D-230C-4CBD-A789-C2B487C64AAC}
	EndGlobalSection
EndGlobal
